
Microsoft Visual Studio Solution File, Format Version 12.00
# TcXaeShell Solution File, Format Version 11.00
VisualStudioVersion = 17.7.34302.85
MinimumVisualStudioVersion = 10.0.40219.1
Project("{B1E792BE-AA5F-4E3C-8C82-674BF9C0715B}") = "motion-supplement-test", "src\test\motion-supplement-test.tsproj", "{D7331491-379C-4C39-B56B-30647D5DD685}"
EndProject
Project("{DFBE7525-6864-4E62-8B2E-D530D69D9D96}") = "motion-supplement", "src\lib\motion-supplement.tspproj", "{21F5473B-5DC3-493C-8C4E-7BEF4C9FB2BC}"
EndProject
Global
	GlobalSection(SolutionConfigurationPlatforms) = preSolution
		Debug|TwinCAT OS (ARMV7-A) = Debug|TwinCAT OS (ARMV7-A)
		Debug|TwinCAT OS (ARMV7-M) = Debug|TwinCAT OS (ARMV7-M)
		Debug|TwinCAT OS (ARMV8-A) = Debug|TwinCAT OS (ARMV8-A)
		Debug|TwinCAT OS (x64) = Debug|TwinCAT OS (x64)
		Debug|TwinCAT RT (x64) = Debug|TwinCAT RT (x64)
		Debug|TwinCAT RT (x86) = Debug|TwinCAT RT (x86)
		Release|TwinCAT OS (ARMV7-A) = Release|TwinCAT OS (ARMV7-A)
		Release|TwinCAT OS (ARMV7-M) = Release|TwinCAT OS (ARMV7-M)
		Release|TwinCAT OS (ARMV8-A) = Release|TwinCAT OS (ARMV8-A)
		Release|TwinCAT OS (x64) = Release|TwinCAT OS (x64)
		Release|TwinCAT RT (x64) = Release|TwinCAT RT (x64)
		Release|TwinCAT RT (x86) = Release|TwinCAT RT (x86)
	EndGlobalSection
	GlobalSection(ProjectConfigurationPlatforms) = postSolution
		{D7331491-379C-4C39-B56B-30647D5DD685}.Debug|TwinCAT OS (ARMV7-A).ActiveCfg = Debug|TwinCAT OS (ARMV7-A)
		{D7331491-379C-4C39-B56B-30647D5DD685}.Debug|TwinCAT OS (ARMV7-A).Build.0 = Debug|TwinCAT OS (ARMV7-A)
		{D7331491-379C-4C39-B56B-30647D5DD685}.Debug|TwinCAT OS (ARMV7-M).ActiveCfg = Debug|TwinCAT OS (ARMV7-M)
		{D7331491-379C-4C39-B56B-30647D5DD685}.Debug|TwinCAT OS (ARMV7-M).Build.0 = Debug|TwinCAT OS (ARMV7-M)
		{D7331491-379C-4C39-B56B-30647D5DD685}.Debug|TwinCAT OS (ARMV8-A).ActiveCfg = Debug|TwinCAT OS (ARMV8-A)
		{D7331491-379C-4C39-B56B-30647D5DD685}.Debug|TwinCAT OS (ARMV8-A).Build.0 = Debug|TwinCAT OS (ARMV8-A)
		{D7331491-379C-4C39-B56B-30647D5DD685}.Debug|TwinCAT OS (x64).ActiveCfg = Debug|TwinCAT OS (x64)
		{D7331491-379C-4C39-B56B-30647D5DD685}.Debug|TwinCAT OS (x64).Build.0 = Debug|TwinCAT OS (x64)
		{D7331491-379C-4C39-B56B-30647D5DD685}.Debug|TwinCAT RT (x64).ActiveCfg = Debug|TwinCAT RT (x64)
		{D7331491-379C-4C39-B56B-30647D5DD685}.Debug|TwinCAT RT (x64).Build.0 = Debug|TwinCAT RT (x64)
		{D7331491-379C-4C39-B56B-30647D5DD685}.Debug|TwinCAT RT (x86).ActiveCfg = Debug|TwinCAT RT (x86)
		{D7331491-379C-4C39-B56B-30647D5DD685}.Debug|TwinCAT RT (x86).Build.0 = Debug|TwinCAT RT (x86)
		{D7331491-379C-4C39-B56B-30647D5DD685}.Release|TwinCAT OS (ARMV7-A).ActiveCfg = Release|TwinCAT OS (ARMV7-A)
		{D7331491-379C-4C39-B56B-30647D5DD685}.Release|TwinCAT OS (ARMV7-A).Build.0 = Release|TwinCAT OS (ARMV7-A)
		{D7331491-379C-4C39-B56B-30647D5DD685}.Release|TwinCAT OS (ARMV7-M).ActiveCfg = Release|TwinCAT OS (ARMV7-M)
		{D7331491-379C-4C39-B56B-30647D5DD685}.Release|TwinCAT OS (ARMV7-M).Build.0 = Release|TwinCAT OS (ARMV7-M)
		{D7331491-379C-4C39-B56B-30647D5DD685}.Release|TwinCAT OS (ARMV8-A).ActiveCfg = Release|TwinCAT OS (ARMV8-A)
		{D7331491-379C-4C39-B56B-30647D5DD685}.Release|TwinCAT OS (ARMV8-A).Build.0 = Release|TwinCAT OS (ARMV8-A)
		{D7331491-379C-4C39-B56B-30647D5DD685}.Release|TwinCAT OS (x64).ActiveCfg = Release|TwinCAT OS (x64)
		{D7331491-379C-4C39-B56B-30647D5DD685}.Release|TwinCAT OS (x64).Build.0 = Release|TwinCAT OS (x64)
		{D7331491-379C-4C39-B56B-30647D5DD685}.Release|TwinCAT RT (x64).ActiveCfg = Release|TwinCAT RT (x64)
		{D7331491-379C-4C39-B56B-30647D5DD685}.Release|TwinCAT RT (x64).Build.0 = Release|TwinCAT RT (x64)
		{D7331491-379C-4C39-B56B-30647D5DD685}.Release|TwinCAT RT (x86).ActiveCfg = Release|TwinCAT RT (x86)
		{D7331491-379C-4C39-B56B-30647D5DD685}.Release|TwinCAT RT (x86).Build.0 = Release|TwinCAT RT (x86)
		{21F5473B-5DC3-493C-8C4E-7BEF4C9FB2BC}.Debug|TwinCAT OS (ARMV7-A).ActiveCfg = Debug|TwinCAT OS (ARMV7-A)
		{21F5473B-5DC3-493C-8C4E-7BEF4C9FB2BC}.Debug|TwinCAT OS (ARMV7-A).Build.0 = Debug|TwinCAT OS (ARMV7-A)
		{21F5473B-5DC3-493C-8C4E-7BEF4C9FB2BC}.Debug|TwinCAT OS (ARMV7-M).ActiveCfg = Debug|TwinCAT OS (ARMV7-M)
		{21F5473B-5DC3-493C-8C4E-7BEF4C9FB2BC}.Debug|TwinCAT OS (ARMV7-M).Build.0 = Debug|TwinCAT OS (ARMV7-M)
		{21F5473B-5DC3-493C-8C4E-7BEF4C9FB2BC}.Debug|TwinCAT OS (ARMV8-A).ActiveCfg = Debug|TwinCAT OS (ARMV8-A)
		{21F5473B-5DC3-493C-8C4E-7BEF4C9FB2BC}.Debug|TwinCAT OS (ARMV8-A).Build.0 = Debug|TwinCAT OS (ARMV8-A)
		{21F5473B-5DC3-493C-8C4E-7BEF4C9FB2BC}.Debug|TwinCAT OS (x64).ActiveCfg = Debug|TwinCAT OS (x64)
		{21F5473B-5DC3-493C-8C4E-7BEF4C9FB2BC}.Debug|TwinCAT OS (x64).Build.0 = Debug|TwinCAT OS (x64)
		{21F5473B-5DC3-493C-8C4E-7BEF4C9FB2BC}.Debug|TwinCAT RT (x64).ActiveCfg = Debug|TwinCAT RT (x64)
		{21F5473B-5DC3-493C-8C4E-7BEF4C9FB2BC}.Debug|TwinCAT RT (x64).Build.0 = Debug|TwinCAT RT (x64)
		{21F5473B-5DC3-493C-8C4E-7BEF4C9FB2BC}.Debug|TwinCAT RT (x86).ActiveCfg = Debug|TwinCAT RT (x86)
		{21F5473B-5DC3-493C-8C4E-7BEF4C9FB2BC}.Debug|TwinCAT RT (x86).Build.0 = Debug|TwinCAT RT (x86)
		{21F5473B-5DC3-493C-8C4E-7BEF4C9FB2BC}.Release|TwinCAT OS (ARMV7-A).ActiveCfg = Release|TwinCAT OS (ARMV7-A)
		{21F5473B-5DC3-493C-8C4E-7BEF4C9FB2BC}.Release|TwinCAT OS (ARMV7-A).Build.0 = Release|TwinCAT OS (ARMV7-A)
		{21F5473B-5DC3-493C-8C4E-7BEF4C9FB2BC}.Release|TwinCAT OS (ARMV7-M).ActiveCfg = Release|TwinCAT OS (ARMV7-M)
		{21F5473B-5DC3-493C-8C4E-7BEF4C9FB2BC}.Release|TwinCAT OS (ARMV7-M).Build.0 = Release|TwinCAT OS (ARMV7-M)
		{21F5473B-5DC3-493C-8C4E-7BEF4C9FB2BC}.Release|TwinCAT OS (ARMV8-A).ActiveCfg = Release|TwinCAT OS (ARMV8-A)
		{21F5473B-5DC3-493C-8C4E-7BEF4C9FB2BC}.Release|TwinCAT OS (ARMV8-A).Build.0 = Release|TwinCAT OS (ARMV8-A)
		{21F5473B-5DC3-493C-8C4E-7BEF4C9FB2BC}.Release|TwinCAT OS (x64).ActiveCfg = Release|TwinCAT OS (x64)
		{21F5473B-5DC3-493C-8C4E-7BEF4C9FB2BC}.Release|TwinCAT OS (x64).Build.0 = Release|TwinCAT OS (x64)
		{21F5473B-5DC3-493C-8C4E-7BEF4C9FB2BC}.Release|TwinCAT RT (x64).ActiveCfg = Release|TwinCAT RT (x64)
		{21F5473B-5DC3-493C-8C4E-7BEF4C9FB2BC}.Release|TwinCAT RT (x64).Build.0 = Release|TwinCAT RT (x64)
		{21F5473B-5DC3-493C-8C4E-7BEF4C9FB2BC}.Release|TwinCAT RT (x86).ActiveCfg = Release|TwinCAT RT (x86)
		{21F5473B-5DC3-493C-8C4E-7BEF4C9FB2BC}.Release|TwinCAT RT (x86).Build.0 = Release|TwinCAT RT (x86)
		{FD8B46D1-C9DD-4FB3-A188-F28BDEC81D54}.Debug|TwinCAT OS (ARMV7-A).ActiveCfg = Debug|TwinCAT OS (ARMV7-A)
		{FD8B46D1-C9DD-4FB3-A188-F28BDEC81D54}.Debug|TwinCAT OS (ARMV7-A).Build.0 = Debug|TwinCAT OS (ARMV7-A)
		{FD8B46D1-C9DD-4FB3-A188-F28BDEC81D54}.Debug|TwinCAT OS (ARMV7-M).ActiveCfg = Debug|TwinCAT OS (ARMV7-M)
		{FD8B46D1-C9DD-4FB3-A188-F28BDEC81D54}.Debug|TwinCAT OS (ARMV7-M).Build.0 = Debug|TwinCAT OS (ARMV7-M)
		{FD8B46D1-C9DD-4FB3-A188-F28BDEC81D54}.Debug|TwinCAT OS (ARMV8-A).ActiveCfg = Debug|TwinCAT OS (ARMV8-A)
		{FD8B46D1-C9DD-4FB3-A188-F28BDEC81D54}.Debug|TwinCAT OS (ARMV8-A).Build.0 = Debug|TwinCAT OS (ARMV8-A)
		{FD8B46D1-C9DD-4FB3-A188-F28BDEC81D54}.Debug|TwinCAT OS (x64).ActiveCfg = Debug|TwinCAT OS (x64)
		{FD8B46D1-C9DD-4FB3-A188-F28BDEC81D54}.Debug|TwinCAT OS (x64).Build.0 = Debug|TwinCAT OS (x64)
		{FD8B46D1-C9DD-4FB3-A188-F28BDEC81D54}.Debug|TwinCAT RT (x64).ActiveCfg = Debug|TwinCAT RT (x64)
		{FD8B46D1-C9DD-4FB3-A188-F28BDEC81D54}.Debug|TwinCAT RT (x64).Build.0 = Debug|TwinCAT RT (x64)
		{FD8B46D1-C9DD-4FB3-A188-F28BDEC81D54}.Debug|TwinCAT RT (x86).ActiveCfg = Debug|TwinCAT RT (x86)
		{FD8B46D1-C9DD-4FB3-A188-F28BDEC81D54}.Debug|TwinCAT RT (x86).Build.0 = Debug|TwinCAT RT (x86)
		{FD8B46D1-C9DD-4FB3-A188-F28BDEC81D54}.Release|TwinCAT OS (ARMV7-A).ActiveCfg = Release|TwinCAT OS (ARMV7-A)
		{FD8B46D1-C9DD-4FB3-A188-F28BDEC81D54}.Release|TwinCAT OS (ARMV7-A).Build.0 = Release|TwinCAT OS (ARMV7-A)
		{FD8B46D1-C9DD-4FB3-A188-F28BDEC81D54}.Release|TwinCAT OS (ARMV7-M).ActiveCfg = Release|TwinCAT OS (ARMV7-M)
		{FD8B46D1-C9DD-4FB3-A188-F28BDEC81D54}.Release|TwinCAT OS (ARMV7-M).Build.0 = Release|TwinCAT OS (ARMV7-M)
		{FD8B46D1-C9DD-4FB3-A188-F28BDEC81D54}.Release|TwinCAT OS (ARMV8-A).ActiveCfg = Release|TwinCAT OS (ARMV8-A)
		{FD8B46D1-C9DD-4FB3-A188-F28BDEC81D54}.Release|TwinCAT OS (ARMV8-A).Build.0 = Release|TwinCAT OS (ARMV8-A)
		{FD8B46D1-C9DD-4FB3-A188-F28BDEC81D54}.Release|TwinCAT OS (x64).ActiveCfg = Release|TwinCAT OS (x64)
		{FD8B46D1-C9DD-4FB3-A188-F28BDEC81D54}.Release|TwinCAT OS (x64).Build.0 = Release|TwinCAT OS (x64)
		{FD8B46D1-C9DD-4FB3-A188-F28BDEC81D54}.Release|TwinCAT RT (x64).ActiveCfg = Release|TwinCAT RT (x64)
		{FD8B46D1-C9DD-4FB3-A188-F28BDEC81D54}.Release|TwinCAT RT (x64).Build.0 = Release|TwinCAT RT (x64)
		{FD8B46D1-C9DD-4FB3-A188-F28BDEC81D54}.Release|TwinCAT RT (x86).ActiveCfg = Release|TwinCAT RT (x86)
		{FD8B46D1-C9DD-4FB3-A188-F28BDEC81D54}.Release|TwinCAT RT (x86).Build.0 = Release|TwinCAT RT (x86)
		{A5CE750F-5AA8-49D1-B905-2C0E070A6300}.Debug|TwinCAT OS (ARMV7-A).ActiveCfg = Debug|TwinCAT OS (ARMV7-A)
		{A5CE750F-5AA8-49D1-B905-2C0E070A6300}.Debug|TwinCAT OS (ARMV7-A).Build.0 = Debug|TwinCAT OS (ARMV7-A)
		{A5CE750F-5AA8-49D1-B905-2C0E070A6300}.Debug|TwinCAT OS (ARMV7-M).ActiveCfg = Debug|TwinCAT OS (ARMV7-M)
		{A5CE750F-5AA8-49D1-B905-2C0E070A6300}.Debug|TwinCAT OS (ARMV7-M).Build.0 = Debug|TwinCAT OS (ARMV7-M)
		{A5CE750F-5AA8-49D1-B905-2C0E070A6300}.Debug|TwinCAT OS (ARMV8-A).ActiveCfg = Debug|TwinCAT OS (ARMV8-A)
		{A5CE750F-5AA8-49D1-B905-2C0E070A6300}.Debug|TwinCAT OS (ARMV8-A).Build.0 = Debug|TwinCAT OS (ARMV8-A)
		{A5CE750F-5AA8-49D1-B905-2C0E070A6300}.Debug|TwinCAT OS (x64).ActiveCfg = Debug|TwinCAT OS (x64)
		{A5CE750F-5AA8-49D1-B905-2C0E070A6300}.Debug|TwinCAT OS (x64).Build.0 = Debug|TwinCAT OS (x64)
		{A5CE750F-5AA8-49D1-B905-2C0E070A6300}.Debug|TwinCAT RT (x64).ActiveCfg = Debug|TwinCAT RT (x64)
		{A5CE750F-5AA8-49D1-B905-2C0E070A6300}.Debug|TwinCAT RT (x64).Build.0 = Debug|TwinCAT RT (x64)
		{A5CE750F-5AA8-49D1-B905-2C0E070A6300}.Debug|TwinCAT RT (x86).ActiveCfg = Debug|TwinCAT RT (x86)
		{A5CE750F-5AA8-49D1-B905-2C0E070A6300}.Debug|TwinCAT RT (x86).Build.0 = Debug|TwinCAT RT (x86)
		{A5CE750F-5AA8-49D1-B905-2C0E070A6300}.Release|TwinCAT OS (ARMV7-A).ActiveCfg = Release|TwinCAT OS (ARMV7-A)
		{A5CE750F-5AA8-49D1-B905-2C0E070A6300}.Release|TwinCAT OS (ARMV7-A).Build.0 = Release|TwinCAT OS (ARMV7-A)
		{A5CE750F-5AA8-49D1-B905-2C0E070A6300}.Release|TwinCAT OS (ARMV7-M).ActiveCfg = Release|TwinCAT OS (ARMV7-M)
		{A5CE750F-5AA8-49D1-B905-2C0E070A6300}.Release|TwinCAT OS (ARMV7-M).Build.0 = Release|TwinCAT OS (ARMV7-M)
		{A5CE750F-5AA8-49D1-B905-2C0E070A6300}.Release|TwinCAT OS (ARMV8-A).ActiveCfg = Release|TwinCAT OS (ARMV8-A)
		{A5CE750F-5AA8-49D1-B905-2C0E070A6300}.Release|TwinCAT OS (ARMV8-A).Build.0 = Release|TwinCAT OS (ARMV8-A)
		{A5CE750F-5AA8-49D1-B905-2C0E070A6300}.Release|TwinCAT OS (x64).ActiveCfg = Release|TwinCAT OS (x64)
		{A5CE750F-5AA8-49D1-B905-2C0E070A6300}.Release|TwinCAT OS (x64).Build.0 = Release|TwinCAT OS (x64)
		{A5CE750F-5AA8-49D1-B905-2C0E070A6300}.Release|TwinCAT RT (x64).ActiveCfg = Release|TwinCAT RT (x64)
		{A5CE750F-5AA8-49D1-B905-2C0E070A6300}.Release|TwinCAT RT (x64).Build.0 = Release|TwinCAT RT (x64)
		{A5CE750F-5AA8-49D1-B905-2C0E070A6300}.Release|TwinCAT RT (x86).ActiveCfg = Release|TwinCAT RT (x86)
		{A5CE750F-5AA8-49D1-B905-2C0E070A6300}.Release|TwinCAT RT (x86).Build.0 = Release|TwinCAT RT (x86)
	EndGlobalSection
	GlobalSection(SolutionProperties) = preSolution
		HideSolutionNode = FALSE
	EndGlobalSection
	GlobalSection(ExtensibilityGlobals) = postSolution
		SolutionGuid = {2548666D-2498-49AE-ADA7-6400079FF13A}
	EndGlobalSection
EndGlobal
